
Microsoft Visual Studio Solution File, Format Version 11.00
# Visual Studio 2010
Project("{FAE04EC0-301F-11D3-BF4B-00C04F79EFBC}") = "Wlniao.WeChat", "Wlniao.WeChat\Wlniao.WeChat.csproj", "{ED9DE299-972D-402E-989E-4FDDC871D6CA}"
EndProject
Project("{FAE04EC0-301F-11D3-BF4B-00C04F79EFBC}") = "WeChat", "WeChat\WeChat.csproj", "{01696A99-F2B2-4CBA-8241-9737B98D0932}"
EndProject
Project("{FAE04EC0-301F-11D3-BF4B-00C04F79EFBC}") = "Extend", "Extend\Extend.csproj", "{D98FB4CB-5578-4345-9ED6-12EEF4089871}"
EndProject
Project("{FAE04EC0-301F-11D3-BF4B-00C04F79EFBC}") = "XCore", "XCore\XCore.csproj", "{050305C7-3ECA-4394-A999-45A4329D9B2D}"
EndProject
Project("{FAE04EC0-301F-11D3-BF4B-00C04F79EFBC}") = "XCenter", "XCenter\XCenter.csproj", "{C0FA7949-84B8-4DE4-AC0E-16296259AB3A}"
EndProject
Global
	GlobalSection(SolutionConfigurationPlatforms) = preSolution
		Debug|Any CPU = Debug|Any CPU
		Release|Any CPU = Release|Any CPU
	EndGlobalSection
	GlobalSection(ProjectConfigurationPlatforms) = postSolution
		{ED9DE299-972D-402E-989E-4FDDC871D6CA}.Debug|Any CPU.ActiveCfg = Debug|Any CPU
		{ED9DE299-972D-402E-989E-4FDDC871D6CA}.Debug|Any CPU.Build.0 = Debug|Any CPU
		{ED9DE299-972D-402E-989E-4FDDC871D6CA}.Release|Any CPU.ActiveCfg = Release|Any CPU
		{ED9DE299-972D-402E-989E-4FDDC871D6CA}.Release|Any CPU.Build.0 = Release|Any CPU
		{01696A99-F2B2-4CBA-8241-9737B98D0932}.Debug|Any CPU.ActiveCfg = Debug|Any CPU
		{01696A99-F2B2-4CBA-8241-9737B98D0932}.Debug|Any CPU.Build.0 = Debug|Any CPU
		{01696A99-F2B2-4CBA-8241-9737B98D0932}.Release|Any CPU.ActiveCfg = Release|Any CPU
		{01696A99-F2B2-4CBA-8241-9737B98D0932}.Release|Any CPU.Build.0 = Release|Any CPU
		{D98FB4CB-5578-4345-9ED6-12EEF4089871}.Debug|Any CPU.ActiveCfg = Debug|Any CPU
		{D98FB4CB-5578-4345-9ED6-12EEF4089871}.Debug|Any CPU.Build.0 = Debug|Any CPU
		{D98FB4CB-5578-4345-9ED6-12EEF4089871}.Release|Any CPU.ActiveCfg = Release|Any CPU
		{D98FB4CB-5578-4345-9ED6-12EEF4089871}.Release|Any CPU.Build.0 = Release|Any CPU
		{050305C7-3ECA-4394-A999-45A4329D9B2D}.Debug|Any CPU.ActiveCfg = Debug|Any CPU
		{050305C7-3ECA-4394-A999-45A4329D9B2D}.Debug|Any CPU.Build.0 = Debug|Any CPU
		{050305C7-3ECA-4394-A999-45A4329D9B2D}.Release|Any CPU.ActiveCfg = Release|Any CPU
		{050305C7-3ECA-4394-A999-45A4329D9B2D}.Release|Any CPU.Build.0 = Release|Any CPU
		{C0FA7949-84B8-4DE4-AC0E-16296259AB3A}.Debug|Any CPU.ActiveCfg = Debug|Any CPU
		{C0FA7949-84B8-4DE4-AC0E-16296259AB3A}.Debug|Any CPU.Build.0 = Debug|Any CPU
		{C0FA7949-84B8-4DE4-AC0E-16296259AB3A}.Release|Any CPU.ActiveCfg = Release|Any CPU
		{C0FA7949-84B8-4DE4-AC0E-16296259AB3A}.Release|Any CPU.Build.0 = Release|Any CPU
	EndGlobalSection
	GlobalSection(SolutionProperties) = preSolution
		HideSolutionNode = FALSE
	EndGlobalSection
	GlobalSection(MonoDevelopProperties) = preSolution
		StartupItem = WeChat\WeChat.csproj
	EndGlobalSection
EndGlobal
